
Microsoft Visual Studio Solution File, Format Version 12.00
# Visual Studio Version 17
VisualStudioVersion = 17.4.33122.133
MinimumVisualStudioVersion = 10.0.40219.1
Project("{FAE04EC0-301F-11D3-BF4B-00C04F79EFBC}") = "form", "..\form\form.csproj", "{3002A705-02FC-42CF-A8CC-4E325681468B}"
EndProject
Project("{FAE04EC0-301F-11D3-BF4B-00C04F79EFBC}") = "HuffmanArch", "..\HuffmanArch\HuffmanArch.csproj", "{4B480F31-6FC0-4DAE-ACF5-0066BA45EE1F}"
EndProject
Global
	GlobalSection(SolutionConfigurationPlatforms) = preSolution
		Debug|Any CPU = Debug|Any CPU
		Release|Any CPU = Release|Any CPU
	EndGlobalSection
	GlobalSection(ProjectConfigurationPlatforms) = postSolution
		{3002A705-02FC-42CF-A8CC-4E325681468B}.Debug|Any CPU.ActiveCfg = Debug|Any CPU
		{3002A705-02FC-42CF-A8CC-4E325681468B}.Debug|Any CPU.Build.0 = Debug|Any CPU
		{3002A705-02FC-42CF-A8CC-4E325681468B}.Release|Any CPU.ActiveCfg = Release|Any CPU
		{3002A705-02FC-42CF-A8CC-4E325681468B}.Release|Any CPU.Build.0 = Release|Any CPU
		{4B480F31-6FC0-4DAE-ACF5-0066BA45EE1F}.Debug|Any CPU.ActiveCfg = Debug|Any CPU
		{4B480F31-6FC0-4DAE-ACF5-0066BA45EE1F}.Debug|Any CPU.Build.0 = Debug|Any CPU
		{4B480F31-6FC0-4DAE-ACF5-0066BA45EE1F}.Release|Any CPU.ActiveCfg = Release|Any CPU
		{4B480F31-6FC0-4DAE-ACF5-0066BA45EE1F}.Release|Any CPU.Build.0 = Release|Any CPU
	EndGlobalSection
	GlobalSection(SolutionProperties) = preSolution
		HideSolutionNode = FALSE
	EndGlobalSection
	GlobalSection(ExtensibilityGlobals) = postSolution
		SolutionGuid = {7087A7E7-E7BC-428C-8A19-E54CC488F4DC}
	EndGlobalSection
EndGlobal
